
Microsoft Visual Studio Solution File, Format Version 12.00
# Visual Studio 2012
Project("{FAE04EC0-301F-11D3-BF4B-00C04F79EFBC}") = "Bautista_HW_2_Tiny_Bank", "Bautista_HW_2_Tiny_Bank.csproj", "{9302E2F0-CB42-4F41-84A3-8F4893669A02}"
EndProject
Global
	GlobalSection(SolutionConfigurationPlatforms) = preSolution
		Debug|Any CPU = Debug|Any CPU
		Release|Any CPU = Release|Any CPU
	EndGlobalSection
	GlobalSection(ProjectConfigurationPlatforms) = postSolution
		{9302E2F0-CB42-4F41-84A3-8F4893669A02}.Debug|Any CPU.ActiveCfg = Debug|Any CPU
		{9302E2F0-CB42-4F41-84A3-8F4893669A02}.Debug|Any CPU.Build.0 = Debug|Any CPU
		{9302E2F0-CB42-4F41-84A3-8F4893669A02}.Release|Any CPU.ActiveCfg = Release|Any CPU
		{9302E2F0-CB42-4F41-84A3-8F4893669A02}.Release|Any CPU.Build.0 = Release|Any CPU
	EndGlobalSection
EndGlobal
